
Microsoft Visual Studio Solution File, Format Version 12.00
# Visual Studio Version 17
VisualStudioVersion = 17.2.32602.215
MinimumVisualStudioVersion = 10.0.40219.1
Project("{FAE04EC0-301F-11D3-BF4B-00C04F79EFBC}") = "DinhHoangNhat", "DinhHoangNhat\DinhHoangNhat.csproj", "{CE6FEBBE-C03A-4CD7-A882-94BF23E2772E}"
EndProject
Global
	GlobalSection(SolutionConfigurationPlatforms) = preSolution
		Debug|Any CPU = Debug|Any CPU
		Release|Any CPU = Release|Any CPU
	EndGlobalSection
	GlobalSection(ProjectConfigurationPlatforms) = postSolution
		{CE6FEBBE-C03A-4CD7-A882-94BF23E2772E}.Debug|Any CPU.ActiveCfg = Debug|Any CPU
		{CE6FEBBE-C03A-4CD7-A882-94BF23E2772E}.Debug|Any CPU.Build.0 = Debug|Any CPU
		{CE6FEBBE-C03A-4CD7-A882-94BF23E2772E}.Release|Any CPU.ActiveCfg = Release|Any CPU
		{CE6FEBBE-C03A-4CD7-A882-94BF23E2772E}.Release|Any CPU.Build.0 = Release|Any CPU
	EndGlobalSection
	GlobalSection(SolutionProperties) = preSolution
		HideSolutionNode = FALSE
	EndGlobalSection
	GlobalSection(ExtensibilityGlobals) = postSolution
		SolutionGuid = {37447918-31FE-40AD-B2A7-B833D7AEEB3C}
	EndGlobalSection
EndGlobal
